{
    "_readme": [
        "This file locks the dependencies of your project to a known state",
        "Read more about it at https://getcomposer.org/doc/01-basic-usage.md#installing-dependencies",
        "This file is @generated automatically"
    ],
    "content-hash": "d13abc40686589e89dfac7718b2fc4ca",
    "packages": [
        {
            "name": "wikimedia/interconnection-wordpress-theme",
            "version": "dev-release",
            "source": {
                "type": "git",
                "url": "https://github.com/wikimedia/interconnection-wordpress-theme.git",
                "reference": "3a206aa644046622ac8bef2e5750a112db9e4c44"
            },
            "dist": {
                "type": "zip",
                "url": "https://api.github.com/repos/wikimedia/interconnection-wordpress-theme/zipball/3a206aa644046622ac8bef2e5750a112db9e4c44",
                "reference": "3a206aa644046622ac8bef2e5750a112db9e4c44",
                "shasum": ""
            },
            "require": {
                "php": ">=8.0"
            },
            "require-dev": {
                "dealerdirect/phpcodesniffer-composer-installer": "^0.7.0",
                "php-parallel-lint/php-parallel-lint": "^1.2.0",
                "wp-cli/i18n-command": "^2.2",
                "wptrt/wpthemereview": "^0.2.1"
            },
            "type": "wordpress-theme",
            "scripts": {
                "lint:wpcs": [
                    "@php ./vendor/squizlabs/php_codesniffer/bin/phpcs"
                ],
                "lint:php": [
                    "@php ./vendor/bin/parallel-lint --exclude .git --exclude vendor ."
                ],
                "make-pot": [
                    "wp i18n make-pot . languages/interconnection.pot"
                ]
            },
            "license": [
                "GPL-2.0-or-later"
            ],
            "authors": [
                {
                    "name": "Contributors",
                    "homepage": "https://github.com/wikimedia/interconnection-wordpress-theme/graphs/contributors"
                }
            ],
            "description": "Interconnection is a theme based on http://underscores.me/ intended for use on the Wikimedia Diff blog.",
            "homepage": "https://github.com/wikimedia/interconnection-wordpress-theme",
            "keywords": [
                "Themes",
                "WordPress"
            ],
            "support": {
                "issues": "https://github.com/wikimedia/interconnection-wordpress-theme/issues",
                "source": "https://github.com/wikimedia/interconnection-wordpress-theme"
            },
            "time": "2023-01-23T16:53:00+00:00"
        }
    ],
    "packages-dev": [],
    "aliases": [],
    "minimum-stability": "dev",
    "stability-flags": {
        "wikimedia/interconnection-wordpress-theme": 20
    },
    "prefer-stable": true,
    "prefer-lowest": false,
    "platform": {
        "php": "^8"
    },
    "platform-dev": [],
    "plugin-api-version": "2.3.0"
}
